{
  "name": "glimpse",
  "lockfileVersion": 3,
  "requires": true,
  "packages": {
    "": {
      "dependencies": {
        "glimpseui": "github:vtemian/glimpse"
      }
    },
    "node_modules/glimpseui": {
      "version": "0.3.7",
      "resolved": "git+ssh://git@github.com/vtemian/glimpse.git#a1829d1d973f7f51802baad555112b4475839dca",
      "hasInstallScript": true,
      "license": "MIT",
      "os": [
        "darwin"
      ],
      "bin": {
        "glimpseui": "bin/glimpse.mjs"
      },
      "engines": {
        "node": ">=18"
      }
    }
  }
}
