{
  "name": "examples",
  "lockfileVersion": 3,
  "requires": true,
  "packages": {
    "": {
      "dependencies": {
        "glimpseui": "^0.1.0"
      }
    },
    "node_modules/glimpseui": {
      "version": "0.1.1",
      "resolved": "https://registry.npmjs.org/glimpseui/-/glimpseui-0.1.1.tgz",
      "integrity": "sha512-esmOo20Av5X2P0n4J/FvT3xXnQQu1kc7JyCxZ3W0FUQ4fCQEv00SJ3O724PcMbi6QAIViS3FWHhd+3HYrbLDOw==",
      "hasInstallScript": true,
      "license": "MIT",
      "os": [
        "darwin"
      ],
      "bin": {
        "glimpseui": "bin/glimpse.mjs"
      },
      "engines": {
        "node": ">=18"
      }
    }
  }
}
